
Microsoft Visual Studio Solution File, Format Version 12.00
# Visual Studio Version 17
VisualStudioVersion = 17.1.32319.34
MinimumVisualStudioVersion = 10.0.40219.1
Project("{FAE04EC0-301F-11D3-BF4B-00C04F79EFBC}") = "ClassWork_04_15_2022", "ClassWork_04_15_2022\ClassWork_04_15_2022.csproj", "{57D9A28B-9251-4AFB-8B19-C2D9E27A0F75}"
EndProject
Global
	GlobalSection(SolutionConfigurationPlatforms) = preSolution
		Debug|Any CPU = Debug|Any CPU
		Release|Any CPU = Release|Any CPU
	EndGlobalSection
	GlobalSection(ProjectConfigurationPlatforms) = postSolution
		{57D9A28B-9251-4AFB-8B19-C2D9E27A0F75}.Debug|Any CPU.ActiveCfg = Debug|Any CPU
		{57D9A28B-9251-4AFB-8B19-C2D9E27A0F75}.Debug|Any CPU.Build.0 = Debug|Any CPU
		{57D9A28B-9251-4AFB-8B19-C2D9E27A0F75}.Release|Any CPU.ActiveCfg = Release|Any CPU
		{57D9A28B-9251-4AFB-8B19-C2D9E27A0F75}.Release|Any CPU.Build.0 = Release|Any CPU
	EndGlobalSection
	GlobalSection(SolutionProperties) = preSolution
		HideSolutionNode = FALSE
	EndGlobalSection
	GlobalSection(ExtensibilityGlobals) = postSolution
		SolutionGuid = {795879CB-B677-477D-9EA4-6085DD131E53}
	EndGlobalSection
EndGlobal
