
Microsoft Visual Studio Solution File, Format Version 12.00
# Visual Studio Version 16
VisualStudioVersion = 16.0.31702.278
MinimumVisualStudioVersion = 10.0.40219.1
Project("{FAE04EC0-301F-11D3-BF4B-00C04F79EFBC}") = "ClassWork_03_28_2022", "ClassWork_03_28_2022\ClassWork_03_28_2022.csproj", "{84634DEE-DC5B-4A2F-A125-BB09D11D4B8A}"
EndProject
Global
	GlobalSection(SolutionConfigurationPlatforms) = preSolution
		Debug|Any CPU = Debug|Any CPU
		Release|Any CPU = Release|Any CPU
	EndGlobalSection
	GlobalSection(ProjectConfigurationPlatforms) = postSolution
		{84634DEE-DC5B-4A2F-A125-BB09D11D4B8A}.Debug|Any CPU.ActiveCfg = Debug|Any CPU
		{84634DEE-DC5B-4A2F-A125-BB09D11D4B8A}.Debug|Any CPU.Build.0 = Debug|Any CPU
		{84634DEE-DC5B-4A2F-A125-BB09D11D4B8A}.Release|Any CPU.ActiveCfg = Release|Any CPU
		{84634DEE-DC5B-4A2F-A125-BB09D11D4B8A}.Release|Any CPU.Build.0 = Release|Any CPU
	EndGlobalSection
	GlobalSection(SolutionProperties) = preSolution
		HideSolutionNode = FALSE
	EndGlobalSection
	GlobalSection(ExtensibilityGlobals) = postSolution
		SolutionGuid = {327BBD89-690E-4707-A991-F8CC22BE6A39}
	EndGlobalSection
EndGlobal
