
Microsoft Visual Studio Solution File, Format Version 12.00
# Visual Studio Version 17
VisualStudioVersion = 17.1.32319.34
MinimumVisualStudioVersion = 10.0.40219.1
Project("{FAE04EC0-301F-11D3-BF4B-00C04F79EFBC}") = "ClassWork3_03_30_2022", "ClassWork3_03_30_2022.csproj", "{6D8C266E-6894-4BE5-868B-21A3D89D153A}"
EndProject
Project("{FAE04EC0-301F-11D3-BF4B-00C04F79EFBC}") = "Utils", "..\Utils\Utils.csproj", "{4A7BB28D-31E8-46F6-B9F6-19149CB850D9}"
EndProject
Global
	GlobalSection(SolutionConfigurationPlatforms) = preSolution
		Debug|Any CPU = Debug|Any CPU
		Release|Any CPU = Release|Any CPU
	EndGlobalSection
	GlobalSection(ProjectConfigurationPlatforms) = postSolution
		{6D8C266E-6894-4BE5-868B-21A3D89D153A}.Debug|Any CPU.ActiveCfg = Debug|Any CPU
		{6D8C266E-6894-4BE5-868B-21A3D89D153A}.Debug|Any CPU.Build.0 = Debug|Any CPU
		{6D8C266E-6894-4BE5-868B-21A3D89D153A}.Release|Any CPU.ActiveCfg = Release|Any CPU
		{6D8C266E-6894-4BE5-868B-21A3D89D153A}.Release|Any CPU.Build.0 = Release|Any CPU
		{4A7BB28D-31E8-46F6-B9F6-19149CB850D9}.Debug|Any CPU.ActiveCfg = Debug|Any CPU
		{4A7BB28D-31E8-46F6-B9F6-19149CB850D9}.Debug|Any CPU.Build.0 = Debug|Any CPU
		{4A7BB28D-31E8-46F6-B9F6-19149CB850D9}.Release|Any CPU.ActiveCfg = Release|Any CPU
		{4A7BB28D-31E8-46F6-B9F6-19149CB850D9}.Release|Any CPU.Build.0 = Release|Any CPU
	EndGlobalSection
	GlobalSection(SolutionProperties) = preSolution
		HideSolutionNode = FALSE
	EndGlobalSection
	GlobalSection(ExtensibilityGlobals) = postSolution
		SolutionGuid = {1F8EEB92-FBB8-4CBD-A71A-71E871367391}
	EndGlobalSection
EndGlobal
