
Microsoft Visual Studio Solution File, Format Version 12.00
# Visual Studio Version 16
VisualStudioVersion = 16.0.31702.278
MinimumVisualStudioVersion = 10.0.40219.1
Project("{FAE04EC0-301F-11D3-BF4B-00C04F79EFBC}") = "ClassWork_04_08_2022", "ClassWork_04_08_2022\ClassWork_04_08_2022.csproj", "{B1483BB5-3613-44D0-96D5-A91341B51A17}"
EndProject
Global
	GlobalSection(SolutionConfigurationPlatforms) = preSolution
		Debug|Any CPU = Debug|Any CPU
		Release|Any CPU = Release|Any CPU
	EndGlobalSection
	GlobalSection(ProjectConfigurationPlatforms) = postSolution
		{B1483BB5-3613-44D0-96D5-A91341B51A17}.Debug|Any CPU.ActiveCfg = Debug|Any CPU
		{B1483BB5-3613-44D0-96D5-A91341B51A17}.Debug|Any CPU.Build.0 = Debug|Any CPU
		{B1483BB5-3613-44D0-96D5-A91341B51A17}.Release|Any CPU.ActiveCfg = Release|Any CPU
		{B1483BB5-3613-44D0-96D5-A91341B51A17}.Release|Any CPU.Build.0 = Release|Any CPU
	EndGlobalSection
	GlobalSection(SolutionProperties) = preSolution
		HideSolutionNode = FALSE
	EndGlobalSection
	GlobalSection(ExtensibilityGlobals) = postSolution
		SolutionGuid = {2CA29F4A-EBC8-4616-98F8-D93ED25DB757}
	EndGlobalSection
EndGlobal
