
Microsoft Visual Studio Solution File, Format Version 12.00
# Visual Studio Version 16
VisualStudioVersion = 16.0.31702.278
MinimumVisualStudioVersion = 10.0.40219.1
Project("{FAE04EC0-301F-11D3-BF4B-00C04F79EFBC}") = "ClassWork_03_29_2022", "ClassWork_03_29_2022\ClassWork_03_29_2022.csproj", "{03B0ED1D-EC86-479E-A738-18937C24BA4E}"
EndProject
Global
	GlobalSection(SolutionConfigurationPlatforms) = preSolution
		Debug|Any CPU = Debug|Any CPU
		Release|Any CPU = Release|Any CPU
	EndGlobalSection
	GlobalSection(ProjectConfigurationPlatforms) = postSolution
		{03B0ED1D-EC86-479E-A738-18937C24BA4E}.Debug|Any CPU.ActiveCfg = Debug|Any CPU
		{03B0ED1D-EC86-479E-A738-18937C24BA4E}.Debug|Any CPU.Build.0 = Debug|Any CPU
		{03B0ED1D-EC86-479E-A738-18937C24BA4E}.Release|Any CPU.ActiveCfg = Release|Any CPU
		{03B0ED1D-EC86-479E-A738-18937C24BA4E}.Release|Any CPU.Build.0 = Release|Any CPU
	EndGlobalSection
	GlobalSection(SolutionProperties) = preSolution
		HideSolutionNode = FALSE
	EndGlobalSection
	GlobalSection(ExtensibilityGlobals) = postSolution
		SolutionGuid = {18B6AF31-1BD0-498F-9F5C-12B3797366FC}
	EndGlobalSection
EndGlobal
